// !$*UTF8*$!
{
	archiveVersion = 1;
	classes = {
	};
	objectVersion = 46;
	objects = {

/* Begin PBXBuildFile section */
		7F9379D41B86ED1600A4EFD1 /* main.m in Sources */ = {isa = PBXBuildFile; fileRef = 7F9379D31B86ED1600A4EFD1 /* main.m */; };
		7F9379D71B86ED1600A4EFD1 /* AppDelegate.m in Sources */ = {isa = PBXBuildFile; fileRef = 7F9379D61B86ED1600A4EFD1 /* AppDelegate.m */; };
		7F9379DA1B86ED1600A4EFD1 /* ViewController.m in Sources */ = {isa = PBXBuildFile; fileRef = 7F9379D91B86ED1600A4EFD1 /* ViewController.m */; };
		7F9379DD1B86ED1600A4EFD1 /* Main.storyboard in Resources */ = {isa = PBXBuildFile; fileRef = 7F9379DB1B86ED1600A4EFD1 /* Main.storyboard */; };
		7F9379DF1B86ED1600A4EFD1 /* Images.xcassets in Resources */ = {isa = PBXBuildFile; fileRef = 7F9379DE1B86ED1600A4EFD1 /* Images.xcassets */; };
		7F9379E21B86ED1600A4EFD1 /* LaunchScreen.xib in Resources */ = {isa = PBXBuildFile; fileRef = 7F9379E01B86ED1600A4EFD1 /* LaunchScreen.xib */; };
		7F9379EE1B86ED1600A4EFD1 /* _2______Tests.m in Sources */ = {isa = PBXBuildFile; fileRef = 7F9379ED1B86ED1600A4EFD1 /* _2______Tests.m */; };
/* End PBXBuildFile section */

/* Begin PBXContainerItemProxy section */
		7F9379E81B86ED1600A4EFD1 /* PBXContainerItemProxy */ = {
			isa = PBXContainerItemProxy;
			containerPortal = 7F9379C61B86ED1600A4EFD1 /* Project object */;
			proxyType = 1;
			remoteGlobalIDString = 7F9379CD1B86ED1600A4EFD1;
			remoteInfo = "02-扫描二维码";
		};
/* End PBXContainerItemProxy section */

/* Begin PBXFileReference section */
		7F9379CE1B86ED1600A4EFD1 /* 02-扫描二维码.app */ = {isa = PBXFileReference; explicitFileType = wrapper.application; includeInIndex = 0; path = "02-扫描二维码.app"; sourceTree = BUILT_PRODUCTS_DIR; };
		7F9379D21B86ED1600A4EFD1 /* Info.plist */ = {isa = PBXFileReference; lastKnownFileType = text.plist.xml; path = Info.plist; sourceTree = "<group>"; };
		7F9379D31B86ED1600A4EFD1 /* main.m */ = {isa = PBXFileReference; lastKnownFileType = sourcecode.c.objc; path = main.m; sourceTree = "<group>"; };
		7F9379D51B86ED1600A4EFD1 /* AppDelegate.h */ = {isa = PBXFileReference; lastKnownFileType = sourcecode.c.h; path = AppDelegate.h; sourceTree = "<group>"; };
		7F9379D61B86ED1600A4EFD1 /* AppDelegate.m */ = {isa = PBXFileReference; lastKnownFileType = sourcecode.c.objc; path = AppDelegate.m; sourceTree = "<group>"; };
		7F9379D81B86ED1600A4EFD1 /* ViewController.h */ = {isa = PBXFileReference; lastKnownFileType = sourcecode.c.h; path = ViewController.h; sourceTree = "<group>"; };
		7F9379D91B86ED1600A4EFD1 /* ViewController.m */ = {isa = PBXFileReference; lastKnownFileType = sourcecode.c.objc; path = ViewController.m; sourceTree = "<group>"; };
		7F9379DC1B86ED1600A4EFD1 /* Base */ = {isa = PBXFileReference; lastKnownFileType = file.storyboard; name = Base; path = Base.lproj/Main.storyboard; sourceTree = "<group>"; };
		7F9379DE1B86ED1600A4EFD1 /* Images.xcassets */ = {isa = PBXFileReference; lastKnownFileType = folder.assetcatalog; path = Images.xcassets; sourceTree = "<group>"; };
		7F9379E11B86ED1600A4EFD1 /* Base */ = {isa = PBXFileReference; lastKnownFileType = file.xib; name = Base; path = Base.lproj/LaunchScreen.xib; sourceTree = "<group>"; };
		7F9379E71B86ED1600A4EFD1 /* 02-扫描二维码Tests.xctest */ = {isa = PBXFileReference; explicitFileType = wrapper.cfbundle; includeInIndex = 0; path = "02-扫描二维码Tests.xctest"; sourceTree = BUILT_PRODUCTS_DIR; };
		7F9379EC1B86ED1600A4EFD1 /* Info.plist */ = {isa = PBXFileReference; lastKnownFileType = text.plist.xml; path = Info.plist; sourceTree = "<group>"; };
		7F9379ED1B86ED1600A4EFD1 /* _2______Tests.m */ = {isa = PBXFileReference; lastKnownFileType = sourcecode.c.objc; path = "_2______Tests.m"; sourceTree = "<group>"; };
/* End PBXFileReference section */

/* Begin PBXFrameworksBuildPhase section */
		7F9379CB1B86ED1600A4EFD1 /* Frameworks */ = {
			isa = PBXFrameworksBuildPhase;
			buildActionMask = 2147483647;
			files = (
			);
			runOnlyForDeploymentPostprocessing = 0;
		};
		7F9379E41B86ED1600A4EFD1 /* Frameworks */ = {
			isa = PBXFrameworksBuildPhase;
			buildActionMask = 2147483647;
			files = (
			);
			runOnlyForDeploymentPostprocessing = 0;
		};
/* End PBXFrameworksBuildPhase section */

/* Begin PBXGroup section */
		7F9379C51B86ED1600A4EFD1 = {
			isa = PBXGroup;
			children = (
				7F9379D01B86ED1600A4EFD1 /* 02-扫描二维码 */,
				7F9379EA1B86ED1600A4EFD1 /* 02-扫描二维码Tests */,
				7F9379CF1B86ED1600A4EFD1 /* Products */,
			);
			sourceTree = "<group>";
		};
		7F9379CF1B86ED1600A4EFD1 /* Products */ = {
			isa = PBXGroup;
			children = (
				7F9379CE1B86ED1600A4EFD1 /* 02-扫描二维码.app */,
				7F9379E71B86ED1600A4EFD1 /* 02-扫描二维码Tests.xctest */,
			);
			name = Products;
			sourceTree = "<group>";
		};
		7F9379D01B86ED1600A4EFD1 /* 02-扫描二维码 */ = {
			isa = PBXGroup;
			children = (
				7F9379D51B86ED1600A4EFD1 /* AppDelegate.h */,
				7F9379D61B86ED1600A4EFD1 /* AppDelegate.m */,
				7F9379D81B86ED1600A4EFD1 /* ViewController.h */,
				7F9379D91B86ED1600A4EFD1 /* ViewController.m */,
				7F9379DB1B86ED1600A4EFD1 /* Main.storyboard */,
				7F9379DE1B86ED1600A4EFD1 /* Images.xcassets */,
				7F9379E01B86ED1600A4EFD1 /* LaunchScreen.xib */,
				7F9379D11B86ED1600A4EFD1 /* Supporting Files */,
			);
			path = "02-扫描二维码";
			sourceTree = "<group>";
		};
		7F9379D11B86ED1600A4EFD1 /* Supporting Files */ = {
			isa = PBXGroup;
			children = (
				7F9379D21B86ED1600A4EFD1 /* Info.plist */,
				7F9379D31B86ED1600A4EFD1 /* main.m */,
			);
			name = "Supporting Files";
			sourceTree = "<group>";
		};
		7F9379EA1B86ED1600A4EFD1 /* 02-扫描二维码Tests */ = {
			isa = PBXGroup;
			children = (
				7F9379ED1B86ED1600A4EFD1 /* _2______Tests.m */,
				7F9379EB1B86ED1600A4EFD1 /* Supporting Files */,
			);
			path = "02-扫描二维码Tests";
			sourceTree = "<group>";
		};
		7F9379EB1B86ED1600A4EFD1 /* Supporting Files */ = {
			isa = PBXGroup;
			children = (
				7F9379EC1B86ED1600A4EFD1 /* Info.plist */,
			);
			name = "Supporting Files";
			sourceTree = "<group>";
		};
/* End PBXGroup section */

/* Begin PBXNativeTarget section */
		7F9379CD1B86ED1600A4EFD1 /* 02-扫描二维码 */ = {
			isa = PBXNativeTarget;
			buildConfigurationList = 7F9379F11B86ED1600A4EFD1 /* Build configuration list for PBXNativeTarget "02-扫描二维码" */;
			buildPhases = (
				7F9379CA1B86ED1600A4EFD1 /* Sources */,
				7F9379CB1B86ED1600A4EFD1 /* Frameworks */,
				7F9379CC1B86ED1600A4EFD1 /* Resources */,
			);
			buildRules = (
			);
			dependencies = (
			);
			name = "02-扫描二维码";
			productName = "02-扫描二维码";
			productReference = 7F9379CE1B86ED1600A4EFD1 /* 02-扫描二维码.app */;
			productType = "com.apple.product-type.application";
		};
		7F9379E61B86ED1600A4EFD1 /* 02-扫描二维码Tests */ = {
			isa = PBXNativeTarget;
			buildConfigurationList = 7F9379F41B86ED1600A4EFD1 /* Build configuration list for PBXNativeTarget "02-扫描二维码Tests" */;
			buildPhases = (
				7F9379E31B86ED1600A4EFD1 /* Sources */,
				7F9379E41B86ED1600A4EFD1 /* Frameworks */,
				7F9379E51B86ED1600A4EFD1 /* Resources */,
			);
			buildRules = (
			);
			dependencies = (
				7F9379E91B86ED1600A4EFD1 /* PBXTargetDependency */,
			);
			name = "02-扫描二维码Tests";
			productName = "02-扫描二维码Tests";
			productReference = 7F9379E71B86ED1600A4EFD1 /* 02-扫描二维码Tests.xctest */;
			productType = "com.apple.product-type.bundle.unit-test";
		};
/* End PBXNativeTarget section */

/* Begin PBXProject section */
		7F9379C61B86ED1600A4EFD1 /* Project object */ = {
			isa = PBXProject;
			attributes = {
				LastUpgradeCheck = 0640;
				ORGANIZATIONNAME = yafengxn;
				TargetAttributes = {
					7F9379CD1B86ED1600A4EFD1 = {
						CreatedOnToolsVersion = 6.4;
					};
					7F9379E61B86ED1600A4EFD1 = {
						CreatedOnToolsVersion = 6.4;
						TestTargetID = 7F9379CD1B86ED1600A4EFD1;
					};
				};
			};
			buildConfigurationList = 7F9379C91B86ED1600A4EFD1 /* Build configuration list for PBXProject "02-扫描二维码" */;
			compatibilityVersion = "Xcode 3.2";
			developmentRegion = English;
			hasScannedForEncodings = 0;
			knownRegions = (
				en,
				Base,
			);
			mainGroup = 7F9379C51B86ED1600A4EFD1;
			productRefGroup = 7F9379CF1B86ED1600A4EFD1 /* Products */;
			projectDirPath = "";
			projectRoot = "";
			targets = (
				7F9379CD1B86ED1600A4EFD1 /* 02-扫描二维码 */,
				7F9379E61B86ED1600A4EFD1 /* 02-扫描二维码Tests */,
			);
		};
/* End PBXProject section */

/* Begin PBXResourcesBuildPhase section */
		7F9379CC1B86ED1600A4EFD1 /* Resources */ = {
			isa = PBXResourcesBuildPhase;
			buildActionMask = 2147483647;
			files = (
				7F9379DD1B86ED1600A4EFD1 /* Main.storyboard in Resources */,
				7F9379E21B86ED1600A4EFD1 /* LaunchScreen.xib in Resources */,
				7F9379DF1B86ED1600A4EFD1 /* Images.xcassets in Resources */,
			);
			runOnlyForDeploymentPostprocessing = 0;
		};
		7F9379E51B86ED1600A4EFD1 /* Resources */ = {
			isa = PBXResourcesBuildPhase;
			buildActionMask = 2147483647;
			files = (
			);
			runOnlyForDeploymentPostprocessing = 0;
		};
/* End PBXResourcesBuildPhase section */

/* Begin PBXSourcesBuildPhase section */
		7F9379CA1B86ED1600A4EFD1 /* Sources */ = {
			isa = PBXSourcesBuildPhase;
			buildActionMask = 2147483647;
			files = (
				7F9379DA1B86ED1600A4EFD1 /* ViewController.m in Sources */,
				7F9379D71B86ED1600A4EFD1 /* AppDelegate.m in Sources */,
				7F9379D41B86ED1600A4EFD1 /* main.m in Sources */,
			);
			runOnlyForDeploymentPostprocessing = 0;
		};
		7F9379E31B86ED1600A4EFD1 /* Sources */ = {
			isa = PBXSourcesBuildPhase;
			buildActionMask = 2147483647;
			files = (
				7F9379EE1B86ED1600A4EFD1 /* _2______Tests.m in Sources */,
			);
			runOnlyForDeploymentPostprocessing = 0;
		};
/* End PBXSourcesBuildPhase section */

/* Begin PBXTargetDependency section */
		7F9379E91B86ED1600A4EFD1 /* PBXTargetDependency */ = {
			isa = PBXTargetDependency;
			target = 7F9379CD1B86ED1600A4EFD1 /* 02-扫描二维码 */;
			targetProxy = 7F9379E81B86ED1600A4EFD1 /* PBXContainerItemProxy */;
		};
/* End PBXTargetDependency section */

/* Begin PBXVariantGroup section */
		7F9379DB1B86ED1600A4EFD1 /* Main.storyboard */ = {
			isa = PBXVariantGroup;
			children = (
				7F9379DC1B86ED1600A4EFD1 /* Base */,
			);
			name = Main.storyboard;
			sourceTree = "<group>";
		};
		7F9379E01B86ED1600A4EFD1 /* LaunchScreen.xib */ = {
			isa = PBXVariantGroup;
			children = (
				7F9379E11B86ED1600A4EFD1 /* Base */,
			);
			name = LaunchScreen.xib;
			sourceTree = "<group>";
		};
/* End PBXVariantGroup section */

/* Begin XCBuildConfiguration section */
		7F9379EF1B86ED1600A4EFD1 /* Debug */ = {
			isa = XCBuildConfiguration;
			buildSettings = {
				ALWAYS_SEARCH_USER_PATHS = NO;
				CLANG_CXX_LANGUAGE_STANDARD = "gnu++0x";
				CLANG_CXX_LIBRARY = "libc++";
				CLANG_ENABLE_MODULES = YES;
				CLANG_ENABLE_OBJC_ARC = YES;
				CLANG_WARN_BOOL_CONVERSION = YES;
				CLANG_WARN_CONSTANT_CONVERSION = YES;
				CLANG_WARN_DIRECT_OBJC_ISA_USAGE = YES_ERROR;
				CLANG_WARN_EMPTY_BODY = YES;
				CLANG_WARN_ENUM_CONVERSION = YES;
				CLANG_WARN_INT_CONVERSION = YES;
				CLANG_WARN_OBJC_ROOT_CLASS = YES_ERROR;
				CLANG_WARN_UNREACHABLE_CODE = YES;
				CLANG_WARN__DUPLICATE_METHOD_MATCH = YES;
				"CODE_SIGN_IDENTITY[sdk=iphoneos*]" = "iPhone Developer";
				COPY_PHASE_STRIP = NO;
				DEBUG_INFORMATION_FORMAT = "dwarf-with-dsym";
				ENABLE_STRICT_OBJC_MSGSEND = YES;
				GCC_C_LANGUAGE_STANDARD = gnu99;
				GCC_DYNAMIC_NO_PIC = NO;
				GCC_NO_COMMON_BLOCKS = YES;
				GCC_OPTIMIZATION_LEVEL = 0;
				GCC_PREPROCESSOR_DEFINITIONS = (
					"DEBUG=1",
					"$(inherited)",
				);
				GCC_SYMBOLS_PRIVATE_EXTERN = NO;
				GCC_WARN_64_TO_32_BIT_CONVERSION = YES;
				GCC_WARN_ABOUT_RETURN_TYPE = YES_ERROR;
				GCC_WARN_UNDECLARED_SELECTOR = YES;
				GCC_WARN_UNINITIALIZED_AUTOS = YES_AGGRESSIVE;
				GCC_WARN_UNUSED_FUNCTION = YES;
				GCC_WARN_UNUSED_VARIABLE = YES;
				IPHONEOS_DEPLOYMENT_TARGET = 8.4;
				MTL_ENABLE_DEBUG_INFO = YES;
				ONLY_ACTIVE_ARCH = YES;
				SDKROOT = iphoneos;
			};
			name = Debug;
		};
		7F9379F01B86ED1600A4EFD1 /* Release */ = {
			isa = XCBuildConfiguration;
			buildSettings = {
				ALWAYS_SEARCH_USER_PATHS = NO;
				CLANG_CXX_LANGUAGE_STANDARD = "gnu++0x";
				CLANG_CXX_LIBRARY = "libc++";
				CLANG_ENABLE_MODULES = YES;
				CLANG_ENABLE_OBJC_ARC = YES;
				CLANG_WARN_BOOL_CONVERSION = YES;
				CLANG_WARN_CONSTANT_CONVERSION = YES;
				CLANG_WARN_DIRECT_OBJC_ISA_USAGE = YES_ERROR;
				CLANG_WARN_EMPTY_BODY = YES;
				CLANG_WARN_ENUM_CONVERSION = YES;
				CLANG_WARN_INT_CONVERSION = YES;
				CLANG_WARN_OBJC_ROOT_CLASS = YES_ERROR;
				CLANG_WARN_UNREACHABLE_CODE = YES;
				CLANG_WARN__DUPLICATE_METHOD_MATCH = YES;
				"CODE_SIGN_IDENTITY[sdk=iphoneos*]" = "iPhone Developer";
				COPY_PHASE_STRIP = NO;
				DEBUG_INFORMATION_FORMAT = "dwarf-with-dsym";
				ENABLE_NS_ASSERTIONS = NO;
				ENABLE_STRICT_OBJC_MSGSEND = YES;
				GCC_C_LANGUAGE_STANDARD = gnu99;
				GCC_NO_COMMON_BLOCKS = YES;
				GCC_WARN_64_TO_32_BIT_CONVERSION = YES;
				GCC_WARN_ABOUT_RETURN_TYPE = YES_ERROR;
				GCC_WARN_UNDECLARED_SELECTOR = YES;
				GCC_WARN_UNINITIALIZED_AUTOS = YES_AGGRESSIVE;
				GCC_WARN_UNUSED_FUNCTION = YES;
				GCC_WARN_UNUSED_VARIABLE = YES;
				IPHONEOS_DEPLOYMENT_TARGET = 8.4;
				MTL_ENABLE_DEBUG_INFO = NO;
				SDKROOT = iphoneos;
				VALIDATE_PRODUCT = YES;
			};
			name = Release;
		};
		7F9379F21B86ED1600A4EFD1 /* Debug */ = {
			isa = XCBuildConfiguration;
			buildSettings = {
				ASSETCATALOG_COMPILER_APPICON_NAME = AppIcon;
				INFOPLIST_FILE = "02-扫描二维码/Info.plist";
				LD_RUNPATH_SEARCH_PATHS = "$(inherited) @executable_path/Frameworks";
				PRODUCT_NAME = "$(TARGET_NAME)";
			};
			name = Debug;
		};
		7F9379F31B86ED1600A4EFD1 /* Release */ = {
			isa = XCBuildConfiguration;
			buildSettings = {
				ASSETCATALOG_COMPILER_APPICON_NAME = AppIcon;
				INFOPLIST_FILE = "02-扫描二维码/Info.plist";
				LD_RUNPATH_SEARCH_PATHS = "$(inherited) @executable_path/Frameworks";
				PRODUCT_NAME = "$(TARGET_NAME)";
			};
			name = Release;
		};
		7F9379F51B86ED1600A4EFD1 /* Debug */ = {
			isa = XCBuildConfiguration;
			buildSettings = {
				BUNDLE_LOADER = "$(TEST_HOST)";
				FRAMEWORK_SEARCH_PATHS = (
					"$(SDKROOT)/Developer/Library/Frameworks",
					"$(inherited)",
				);
				GCC_PREPROCESSOR_DEFINITIONS = (
					"DEBUG=1",
					"$(inherited)",
				);
				INFOPLIST_FILE = "02-扫描二维码Tests/Info.plist";
				LD_RUNPATH_SEARCH_PATHS = "$(inherited) @executable_path/Frameworks @loader_path/Frameworks";
				PRODUCT_NAME = "$(TARGET_NAME)";
				TEST_HOST = "$(BUILT_PRODUCTS_DIR)/02-扫描二维码.app/02-扫描二维码";
			};
			name = Debug;
		};
		7F9379F61B86ED1600A4EFD1 /* Release */ = {
			isa = XCBuildConfiguration;
			buildSettings = {
				BUNDLE_LOADER = "$(TEST_HOST)";
				FRAMEWORK_SEARCH_PATHS = (
					"$(SDKROOT)/Developer/Library/Frameworks",
					"$(inherited)",
				);
				INFOPLIST_FILE = "02-扫描二维码Tests/Info.plist";
				LD_RUNPATH_SEARCH_PATHS = "$(inherited) @executable_path/Frameworks @loader_path/Frameworks";
				PRODUCT_NAME = "$(TARGET_NAME)";
				TEST_HOST = "$(BUILT_PRODUCTS_DIR)/02-扫描二维码.app/02-扫描二维码";
			};
			name = Release;
		};
/* End XCBuildConfiguration section */

/* Begin XCConfigurationList section */
		7F9379C91B86ED1600A4EFD1 /* Build configuration list for PBXProject "02-扫描二维码" */ = {
			isa = XCConfigurationList;
			buildConfigurations = (
				7F9379EF1B86ED1600A4EFD1 /* Debug */,
				7F9379F01B86ED1600A4EFD1 /* Release */,
			);
			defaultConfigurationIsVisible = 0;
			defaultConfigurationName = Release;
		};
		7F9379F11B86ED1600A4EFD1 /* Build configuration list for PBXNativeTarget "02-扫描二维码" */ = {
			isa = XCConfigurationList;
			buildConfigurations = (
				7F9379F21B86ED1600A4EFD1 /* Debug */,
				7F9379F31B86ED1600A4EFD1 /* Release */,
			);
			defaultConfigurationIsVisible = 0;
		};
		7F9379F41B86ED1600A4EFD1 /* Build configuration list for PBXNativeTarget "02-扫描二维码Tests" */ = {
			isa = XCConfigurationList;
			buildConfigurations = (
				7F9379F51B86ED1600A4EFD1 /* Debug */,
				7F9379F61B86ED1600A4EFD1 /* Release */,
			);
			defaultConfigurationIsVisible = 0;
		};
/* End XCConfigurationList section */
	};
	rootObject = 7F9379C61B86ED1600A4EFD1 /* Project object */;
}
